// !$*UTF8*$!
{
	archiveVersion = 1;
	classes = {
	};
	objectVersion = 56;
	objects = {

/* Begin PBXBuildFile section */
		68F225C52C88309A003F8B34 /* AppDelegate.swift in Sources */ = {isa = PBXBuildFile; fileRef = 68F225C42C88309A003F8B34 /* AppDelegate.swift */; };
		68F225C72C88309A003F8B34 /* SceneDelegate.swift in Sources */ = {isa = PBXBuildFile; fileRef = 68F225C62C88309A003F8B34 /* SceneDelegate.swift */; };
		68F225C92C88309A003F8B34 /* ViewController.swift in Sources */ = {isa = PBXBuildFile; fileRef = 68F225C82C88309A003F8B34 /* ViewController.swift */; };
		68F225CC2C88309A003F8B34 /* Base in Resources */ = {isa = PBXBuildFile; fileRef = 68F225CB2C88309A003F8B34 /* Base */; };
		68F225CE2C88309C003F8B34 /* Assets.xcassets in Resources */ = {isa = PBXBuildFile; fileRef = 68F225CD2C88309C003F8B34 /* Assets.xcassets */; };
		68F225D12C88309C003F8B34 /* Base in Resources */ = {isa = PBXBuildFile; fileRef = 68F225D02C88309C003F8B34 /* Base */; };
		68F225E12C883247003F8B34 /* Product.swift in Sources */ = {isa = PBXBuildFile; fileRef = 68F225E02C883247003F8B34 /* Product.swift */; };
		68F225E62C88339D003F8B34 /* Constant.swift in Sources */ = {isa = PBXBuildFile; fileRef = 68F225E52C88339D003F8B34 /* Constant.swift */; };
		68F225E82C8834AC003F8B34 /* APIManager.swift in Sources */ = {isa = PBXBuildFile; fileRef = 68F225E72C8834AC003F8B34 /* APIManager.swift */; };
/* End PBXBuildFile section */

/* Begin PBXFileReference section */
		68F225C12C88309A003F8B34 /* 19_06_24_MVVM_Demo.app */ = {isa = PBXFileReference; explicitFileType = wrapper.application; includeInIndex = 0; path = 19_06_24_MVVM_Demo.app; sourceTree = BUILT_PRODUCTS_DIR; };
		68F225C42C88309A003F8B34 /* AppDelegate.swift */ = {isa = PBXFileReference; lastKnownFileType = sourcecode.swift; path = AppDelegate.swift; sourceTree = "<group>"; };
		68F225C62C88309A003F8B34 /* SceneDelegate.swift */ = {isa = PBXFileReference; lastKnownFileType = sourcecode.swift; path = SceneDelegate.swift; sourceTree = "<group>"; };
		68F225C82C88309A003F8B34 /* ViewController.swift */ = {isa = PBXFileReference; lastKnownFileType = sourcecode.swift; path = ViewController.swift; sourceTree = "<group>"; };
		68F225CB2C88309A003F8B34 /* Base */ = {isa = PBXFileReference; lastKnownFileType = file.storyboard; name = Base; path = Base.lproj/Main.storyboard; sourceTree = "<group>"; };
		68F225CD2C88309C003F8B34 /* Assets.xcassets */ = {isa = PBXFileReference; lastKnownFileType = folder.assetcatalog; path = Assets.xcassets; sourceTree = "<group>"; };
		68F225D02C88309C003F8B34 /* Base */ = {isa = PBXFileReference; lastKnownFileType = file.storyboard; name = Base; path = Base.lproj/LaunchScreen.storyboard; sourceTree = "<group>"; };
		68F225D22C88309C003F8B34 /* Info.plist */ = {isa = PBXFileReference; lastKnownFileType = text.plist.xml; path = Info.plist; sourceTree = "<group>"; };
		68F225E02C883247003F8B34 /* Product.swift */ = {isa = PBXFileReference; lastKnownFileType = sourcecode.swift; path = Product.swift; sourceTree = "<group>"; };
		68F225E52C88339D003F8B34 /* Constant.swift */ = {isa = PBXFileReference; lastKnownFileType = sourcecode.swift; path = Constant.swift; sourceTree = "<group>"; };
		68F225E72C8834AC003F8B34 /* APIManager.swift */ = {isa = PBXFileReference; lastKnownFileType = sourcecode.swift; path = APIManager.swift; sourceTree = "<group>"; };
/* End PBXFileReference section */

/* Begin PBXFrameworksBuildPhase section */
		68F225BE2C88309A003F8B34 /* Frameworks */ = {
			isa = PBXFrameworksBuildPhase;
			buildActionMask = 2147483647;
			files = (
			);
			runOnlyForDeploymentPostprocessing = 0;
		};
/* End PBXFrameworksBuildPhase section */

/* Begin PBXGroup section */
		68F225B82C88309A003F8B34 = {
			isa = PBXGroup;
			children = (
				68F225C32C88309A003F8B34 /* 19_06_24_MVVM_Demo */,
				68F225C22C88309A003F8B34 /* Products */,
			);
			sourceTree = "<group>";
		};
		68F225C22C88309A003F8B34 /* Products */ = {
			isa = PBXGroup;
			children = (
				68F225C12C88309A003F8B34 /* 19_06_24_MVVM_Demo.app */,
			);
			name = Products;
			sourceTree = "<group>";
		};
		68F225C32C88309A003F8B34 /* 19_06_24_MVVM_Demo */ = {
			isa = PBXGroup;
			children = (
				68F225DB2C883113003F8B34 /* Application */,
				68F225DE2C88319E003F8B34 /* Storyboard */,
				68F225DC2C88313E003F8B34 /* Constant */,
				68F225DA2C883106003F8B34 /* Services */,
				68F225D92C8830FF003F8B34 /* Screens */,
				68F225D82C8830F7003F8B34 /* Helper */,
				68F225C82C88309A003F8B34 /* ViewController.swift */,
				68F225DD2C88316E003F8B34 /* Resources */,
				68F225D22C88309C003F8B34 /* Info.plist */,
			);
			path = 19_06_24_MVVM_Demo;
			sourceTree = "<group>";
		};
		68F225D82C8830F7003F8B34 /* Helper */ = {
			isa = PBXGroup;
			children = (
				68F225E72C8834AC003F8B34 /* APIManager.swift */,
			);
			path = Helper;
			sourceTree = "<group>";
		};
		68F225D92C8830FF003F8B34 /* Screens */ = {
			isa = PBXGroup;
			children = (
				68F225DF2C8831D6003F8B34 /* Product */,
			);
			path = Screens;
			sourceTree = "<group>";
		};
		68F225DA2C883106003F8B34 /* Services */ = {
			isa = PBXGroup;
			children = (
			);
			path = Services;
			sourceTree = "<group>";
		};
		68F225DB2C883113003F8B34 /* Application */ = {
			isa = PBXGroup;
			children = (
				68F225C42C88309A003F8B34 /* AppDelegate.swift */,
				68F225C62C88309A003F8B34 /* SceneDelegate.swift */,
			);
			path = Application;
			sourceTree = "<group>";
		};
		68F225DC2C88313E003F8B34 /* Constant */ = {
			isa = PBXGroup;
			children = (
				68F225E52C88339D003F8B34 /* Constant.swift */,
			);
			path = Constant;
			sourceTree = "<group>";
		};
		68F225DD2C88316E003F8B34 /* Resources */ = {
			isa = PBXGroup;
			children = (
				68F225CD2C88309C003F8B34 /* Assets.xcassets */,
			);
			path = Resources;
			sourceTree = "<group>";
		};
		68F225DE2C88319E003F8B34 /* Storyboard */ = {
			isa = PBXGroup;
			children = (
				68F225CA2C88309A003F8B34 /* Main.storyboard */,
				68F225CF2C88309C003F8B34 /* LaunchScreen.storyboard */,
			);
			path = Storyboard;
			sourceTree = "<group>";
		};
		68F225DF2C8831D6003F8B34 /* Product */ = {
			isa = PBXGroup;
			children = (
				68F225E42C883259003F8B34 /* Model */,
				68F225E32C883252003F8B34 /* ViewModel */,
				68F225E22C88324C003F8B34 /* View */,
			);
			path = Product;
			sourceTree = "<group>";
		};
		68F225E22C88324C003F8B34 /* View */ = {
			isa = PBXGroup;
			children = (
			);
			path = View;
			sourceTree = "<group>";
		};
		68F225E32C883252003F8B34 /* ViewModel */ = {
			isa = PBXGroup;
			children = (
			);
			path = ViewModel;
			sourceTree = "<group>";
		};
		68F225E42C883259003F8B34 /* Model */ = {
			isa = PBXGroup;
			children = (
				68F225E02C883247003F8B34 /* Product.swift */,
			);
			path = Model;
			sourceTree = "<group>";
		};
/* End PBXGroup section */

/* Begin PBXNativeTarget section */
		68F225C02C88309A003F8B34 /* 19_06_24_MVVM_Demo */ = {
			isa = PBXNativeTarget;
			buildConfigurationList = 68F225D52C88309C003F8B34 /* Build configuration list for PBXNativeTarget "19_06_24_MVVM_Demo" */;
			buildPhases = (
				68F225BD2C88309A003F8B34 /* Sources */,
				68F225BE2C88309A003F8B34 /* Frameworks */,
				68F225BF2C88309A003F8B34 /* Resources */,
			);
			buildRules = (
			);
			dependencies = (
			);
			name = 19_06_24_MVVM_Demo;
			productName = 19_06_24_MVVM_Demo;
			productReference = 68F225C12C88309A003F8B34 /* 19_06_24_MVVM_Demo.app */;
			productType = "com.apple.product-type.application";
		};
/* End PBXNativeTarget section */

/* Begin PBXProject section */
		68F225B92C88309A003F8B34 /* Project object */ = {
			isa = PBXProject;
			attributes = {
				BuildIndependentTargetsInParallel = 1;
				LastSwiftUpdateCheck = 1540;
				LastUpgradeCheck = 1540;
				TargetAttributes = {
					68F225C02C88309A003F8B34 = {
						CreatedOnToolsVersion = 15.4;
					};
				};
			};
			buildConfigurationList = 68F225BC2C88309A003F8B34 /* Build configuration list for PBXProject "19_06_24_MVVM_Demo" */;
			compatibilityVersion = "Xcode 14.0";
			developmentRegion = en;
			hasScannedForEncodings = 0;
			knownRegions = (
				en,
				Base,
			);
			mainGroup = 68F225B82C88309A003F8B34;
			productRefGroup = 68F225C22C88309A003F8B34 /* Products */;
			projectDirPath = "";
			projectRoot = "";
			targets = (
				68F225C02C88309A003F8B34 /* 19_06_24_MVVM_Demo */,
			);
		};
/* End PBXProject section */

/* Begin PBXResourcesBuildPhase section */
		68F225BF2C88309A003F8B34 /* Resources */ = {
			isa = PBXResourcesBuildPhase;
			buildActionMask = 2147483647;
			files = (
				68F225CE2C88309C003F8B34 /* Assets.xcassets in Resources */,
				68F225D12C88309C003F8B34 /* Base in Resources */,
				68F225CC2C88309A003F8B34 /* Base in Resources */,
			);
			runOnlyForDeploymentPostprocessing = 0;
		};
/* End PBXResourcesBuildPhase section */

/* Begin PBXSourcesBuildPhase section */
		68F225BD2C88309A003F8B34 /* Sources */ = {
			isa = PBXSourcesBuildPhase;
			buildActionMask = 2147483647;
			files = (
				68F225E82C8834AC003F8B34 /* APIManager.swift in Sources */,
				68F225C92C88309A003F8B34 /* ViewController.swift in Sources */,
				68F225E12C883247003F8B34 /* Product.swift in Sources */,
				68F225E62C88339D003F8B34 /* Constant.swift in Sources */,
				68F225C52C88309A003F8B34 /* AppDelegate.swift in Sources */,
				68F225C72C88309A003F8B34 /* SceneDelegate.swift in Sources */,
			);
			runOnlyForDeploymentPostprocessing = 0;
		};
/* End PBXSourcesBuildPhase section */

/* Begin PBXVariantGroup section */
		68F225CA2C88309A003F8B34 /* Main.storyboard */ = {
			isa = PBXVariantGroup;
			children = (
				68F225CB2C88309A003F8B34 /* Base */,
			);
			name = Main.storyboard;
			sourceTree = "<group>";
		};
		68F225CF2C88309C003F8B34 /* LaunchScreen.storyboard */ = {
			isa = PBXVariantGroup;
			children = (
				68F225D02C88309C003F8B34 /* Base */,
			);
			name = LaunchScreen.storyboard;
			sourceTree = "<group>";
		};
/* End PBXVariantGroup section */

/* Begin XCBuildConfiguration section */
		68F225D32C88309C003F8B34 /* Debug */ = {
			isa = XCBuildConfiguration;
			buildSettings = {
				ALWAYS_SEARCH_USER_PATHS = NO;
				ASSETCATALOG_COMPILER_GENERATE_SWIFT_ASSET_SYMBOL_EXTENSIONS = YES;
				CLANG_ANALYZER_NONNULL = YES;
				CLANG_ANALYZER_NUMBER_OBJECT_CONVERSION = YES_AGGRESSIVE;
				CLANG_CXX_LANGUAGE_STANDARD = "gnu++20";
				CLANG_ENABLE_MODULES = YES;
				CLANG_ENABLE_OBJC_ARC = YES;
				CLANG_ENABLE_OBJC_WEAK = YES;
				CLANG_WARN_BLOCK_CAPTURE_AUTORELEASING = YES;
				CLANG_WARN_BOOL_CONVERSION = YES;
				CLANG_WARN_COMMA = YES;
				CLANG_WARN_CONSTANT_CONVERSION = YES;
				CLANG_WARN_DEPRECATED_OBJC_IMPLEMENTATIONS = YES;
				CLANG_WARN_DIRECT_OBJC_ISA_USAGE = YES_ERROR;
				CLANG_WARN_DOCUMENTATION_COMMENTS = YES;
				CLANG_WARN_EMPTY_BODY = YES;
				CLANG_WARN_ENUM_CONVERSION = YES;
				CLANG_WARN_INFINITE_RECURSION = YES;
				CLANG_WARN_INT_CONVERSION = YES;
				CLANG_WARN_NON_LITERAL_NULL_CONVERSION = YES;
				CLANG_WARN_OBJC_IMPLICIT_RETAIN_SELF = YES;
				CLANG_WARN_OBJC_LITERAL_CONVERSION = YES;
				CLANG_WARN_OBJC_ROOT_CLASS = YES_ERROR;
				CLANG_WARN_QUOTED_INCLUDE_IN_FRAMEWORK_HEADER = YES;
				CLANG_WARN_RANGE_LOOP_ANALYSIS = YES;
				CLANG_WARN_STRICT_PROTOTYPES = YES;
				CLANG_WARN_SUSPICIOUS_MOVE = YES;
				CLANG_WARN_UNGUARDED_AVAILABILITY = YES_AGGRESSIVE;
				CLANG_WARN_UNREACHABLE_CODE = YES;
				CLANG_WARN__DUPLICATE_METHOD_MATCH = YES;
				COPY_PHASE_STRIP = NO;
				DEBUG_INFORMATION_FORMAT = dwarf;
				ENABLE_STRICT_OBJC_MSGSEND = YES;
				ENABLE_TESTABILITY = YES;
				ENABLE_USER_SCRIPT_SANDBOXING = YES;
				GCC_C_LANGUAGE_STANDARD = gnu17;
				GCC_DYNAMIC_NO_PIC = NO;
				GCC_NO_COMMON_BLOCKS = YES;
				GCC_OPTIMIZATION_LEVEL = 0;
				GCC_PREPROCESSOR_DEFINITIONS = (
					"DEBUG=1",
					"$(inherited)",
				);
				GCC_WARN_64_TO_32_BIT_CONVERSION = YES;
				GCC_WARN_ABOUT_RETURN_TYPE = YES_ERROR;
				GCC_WARN_UNDECLARED_SELECTOR = YES;
				GCC_WARN_UNINITIALIZED_AUTOS = YES_AGGRESSIVE;
				GCC_WARN_UNUSED_FUNCTION = YES;
				GCC_WARN_UNUSED_VARIABLE = YES;
				IPHONEOS_DEPLOYMENT_TARGET = 17.5;
				LOCALIZATION_PREFERS_STRING_CATALOGS = YES;
				MTL_ENABLE_DEBUG_INFO = INCLUDE_SOURCE;
				MTL_FAST_MATH = YES;
				ONLY_ACTIVE_ARCH = YES;
				SDKROOT = iphoneos;
				SWIFT_ACTIVE_COMPILATION_CONDITIONS = "DEBUG $(inherited)";
				SWIFT_OPTIMIZATION_LEVEL = "-Onone";
			};
			name = Debug;
		};
		68F225D42C88309C003F8B34 /* Release */ = {
			isa = XCBuildConfiguration;
			buildSettings = {
				ALWAYS_SEARCH_USER_PATHS = NO;
				ASSETCATALOG_COMPILER_GENERATE_SWIFT_ASSET_SYMBOL_EXTENSIONS = YES;
				CLANG_ANALYZER_NONNULL = YES;
				CLANG_ANALYZER_NUMBER_OBJECT_CONVERSION = YES_AGGRESSIVE;
				CLANG_CXX_LANGUAGE_STANDARD = "gnu++20";
				CLANG_ENABLE_MODULES = YES;
				CLANG_ENABLE_OBJC_ARC = YES;
				CLANG_ENABLE_OBJC_WEAK = YES;
				CLANG_WARN_BLOCK_CAPTURE_AUTORELEASING = YES;
				CLANG_WARN_BOOL_CONVERSION = YES;
				CLANG_WARN_COMMA = YES;
				CLANG_WARN_CONSTANT_CONVERSION = YES;
				CLANG_WARN_DEPRECATED_OBJC_IMPLEMENTATIONS = YES;
				CLANG_WARN_DIRECT_OBJC_ISA_USAGE = YES_ERROR;
				CLANG_WARN_DOCUMENTATION_COMMENTS = YES;
				CLANG_WARN_EMPTY_BODY = YES;
				CLANG_WARN_ENUM_CONVERSION = YES;
				CLANG_WARN_INFINITE_RECURSION = YES;
				CLANG_WARN_INT_CONVERSION = YES;
				CLANG_WARN_NON_LITERAL_NULL_CONVERSION = YES;
				CLANG_WARN_OBJC_IMPLICIT_RETAIN_SELF = YES;
				CLANG_WARN_OBJC_LITERAL_CONVERSION = YES;
				CLANG_WARN_OBJC_ROOT_CLASS = YES_ERROR;
				CLANG_WARN_QUOTED_INCLUDE_IN_FRAMEWORK_HEADER = YES;
				CLANG_WARN_RANGE_LOOP_ANALYSIS = YES;
				CLANG_WARN_STRICT_PROTOTYPES = YES;
				CLANG_WARN_SUSPICIOUS_MOVE = YES;
				CLANG_WARN_UNGUARDED_AVAILABILITY = YES_AGGRESSIVE;
				CLANG_WARN_UNREACHABLE_CODE = YES;
				CLANG_WARN__DUPLICATE_METHOD_MATCH = YES;
				COPY_PHASE_STRIP = NO;
				DEBUG_INFORMATION_FORMAT = "dwarf-with-dsym";
				ENABLE_NS_ASSERTIONS = NO;
				ENABLE_STRICT_OBJC_MSGSEND = YES;
				ENABLE_USER_SCRIPT_SANDBOXING = YES;
				GCC_C_LANGUAGE_STANDARD = gnu17;
				GCC_NO_COMMON_BLOCKS = YES;
				GCC_WARN_64_TO_32_BIT_CONVERSION = YES;
				GCC_WARN_ABOUT_RETURN_TYPE = YES_ERROR;
				GCC_WARN_UNDECLARED_SELECTOR = YES;
				GCC_WARN_UNINITIALIZED_AUTOS = YES_AGGRESSIVE;
				GCC_WARN_UNUSED_FUNCTION = YES;
				GCC_WARN_UNUSED_VARIABLE = YES;
				IPHONEOS_DEPLOYMENT_TARGET = 17.5;
				LOCALIZATION_PREFERS_STRING_CATALOGS = YES;
				MTL_ENABLE_DEBUG_INFO = NO;
				MTL_FAST_MATH = YES;
				SDKROOT = iphoneos;
				SWIFT_COMPILATION_MODE = wholemodule;
				VALIDATE_PRODUCT = YES;
			};
			name = Release;
		};
		68F225D62C88309C003F8B34 /* Debug */ = {
			isa = XCBuildConfiguration;
			buildSettings = {
				ASSETCATALOG_COMPILER_APPICON_NAME = AppIcon;
				ASSETCATALOG_COMPILER_GLOBAL_ACCENT_COLOR_NAME = AccentColor;
				CODE_SIGN_STYLE = Automatic;
				CURRENT_PROJECT_VERSION = 1;
				DEVELOPMENT_TEAM = W669X37752;
				GENERATE_INFOPLIST_FILE = YES;
				INFOPLIST_FILE = 19_06_24_MVVM_Demo/Info.plist;
				INFOPLIST_KEY_UIApplicationSupportsIndirectInputEvents = YES;
				INFOPLIST_KEY_UILaunchStoryboardName = LaunchScreen;
				INFOPLIST_KEY_UIMainStoryboardFile = Main;
				INFOPLIST_KEY_UISupportedInterfaceOrientations_iPad = "UIInterfaceOrientationPortrait UIInterfaceOrientationPortraitUpsideDown UIInterfaceOrientationLandscapeLeft UIInterfaceOrientationLandscapeRight";
				INFOPLIST_KEY_UISupportedInterfaceOrientations_iPhone = "UIInterfaceOrientationPortrait UIInterfaceOrientationLandscapeLeft UIInterfaceOrientationLandscapeRight";
				LD_RUNPATH_SEARCH_PATHS = (
					"$(inherited)",
					"@executable_path/Frameworks",
				);
				MARKETING_VERSION = 1.0;
				PRODUCT_BUNDLE_IDENTIFIER = "in.bitcode.-9-06-24-MVVM-Demo";
				PRODUCT_NAME = "$(TARGET_NAME)";
				SWIFT_EMIT_LOC_STRINGS = YES;
				SWIFT_VERSION = 5.0;
				TARGETED_DEVICE_FAMILY = "1,2";
			};
			name = Debug;
		};
		68F225D72C88309C003F8B34 /* Release */ = {
			isa = XCBuildConfiguration;
			buildSettings = {
				ASSETCATALOG_COMPILER_APPICON_NAME = AppIcon;
				ASSETCATALOG_COMPILER_GLOBAL_ACCENT_COLOR_NAME = AccentColor;
				CODE_SIGN_STYLE = Automatic;
				CURRENT_PROJECT_VERSION = 1;
				DEVELOPMENT_TEAM = W669X37752;
				GENERATE_INFOPLIST_FILE = YES;
				INFOPLIST_FILE = 19_06_24_MVVM_Demo/Info.plist;
				INFOPLIST_KEY_UIApplicationSupportsIndirectInputEvents = YES;
				INFOPLIST_KEY_UILaunchStoryboardName = LaunchScreen;
				INFOPLIST_KEY_UIMainStoryboardFile = Main;
				INFOPLIST_KEY_UISupportedInterfaceOrientations_iPad = "UIInterfaceOrientationPortrait UIInterfaceOrientationPortraitUpsideDown UIInterfaceOrientationLandscapeLeft UIInterfaceOrientationLandscapeRight";
				INFOPLIST_KEY_UISupportedInterfaceOrientations_iPhone = "UIInterfaceOrientationPortrait UIInterfaceOrientationLandscapeLeft UIInterfaceOrientationLandscapeRight";
				LD_RUNPATH_SEARCH_PATHS = (
					"$(inherited)",
					"@executable_path/Frameworks",
				);
				MARKETING_VERSION = 1.0;
				PRODUCT_BUNDLE_IDENTIFIER = "in.bitcode.-9-06-24-MVVM-Demo";
				PRODUCT_NAME = "$(TARGET_NAME)";
				SWIFT_EMIT_LOC_STRINGS = YES;
				SWIFT_VERSION = 5.0;
				TARGETED_DEVICE_FAMILY = "1,2";
			};
			name = Release;
		};
/* End XCBuildConfiguration section */

/* Begin XCConfigurationList section */
		68F225BC2C88309A003F8B34 /* Build configuration list for PBXProject "19_06_24_MVVM_Demo" */ = {
			isa = XCConfigurationList;
			buildConfigurations = (
				68F225D32C88309C003F8B34 /* Debug */,
				68F225D42C88309C003F8B34 /* Release */,
			);
			defaultConfigurationIsVisible = 0;
			defaultConfigurationName = Release;
		};
		68F225D52C88309C003F8B34 /* Build configuration list for PBXNativeTarget "19_06_24_MVVM_Demo" */ = {
			isa = XCConfigurationList;
			buildConfigurations = (
				68F225D62C88309C003F8B34 /* Debug */,
				68F225D72C88309C003F8B34 /* Release */,
			);
			defaultConfigurationIsVisible = 0;
			defaultConfigurationName = Release;
		};
/* End XCConfigurationList section */
	};
	rootObject = 68F225B92C88309A003F8B34 /* Project object */;
}
